// !$*UTF8*$!
{
	archiveVersion = 1;
	classes = {
	};
	objectVersion = 46;
	objects = {

/* Begin PBXBuildFile section */
		ACAA1B221A40194400DA3B32 /* main.m in Sources */ = {isa = PBXBuildFile; fileRef = ACAA1B211A40194400DA3B32 /* main.m */; };
		ACAA1B251A40194400DA3B32 /* AppDelegate.m in Sources */ = {isa = PBXBuildFile; fileRef = ACAA1B241A40194400DA3B32 /* AppDelegate.m */; };
		ACAA1B281A40194400DA3B32 /* ViewController.m in Sources */ = {isa = PBXBuildFile; fileRef = ACAA1B271A40194400DA3B32 /* ViewController.m */; };
		ACAA1B2B1A40194400DA3B32 /* Main.storyboard in Resources */ = {isa = PBXBuildFile; fileRef = ACAA1B291A40194400DA3B32 /* Main.storyboard */; };
		ACAA1B2D1A40194400DA3B32 /* Images.xcassets in Resources */ = {isa = PBXBuildFile; fileRef = ACAA1B2C1A40194400DA3B32 /* Images.xcassets */; };
		ACAA1B301A40194400DA3B32 /* LaunchScreen.xib in Resources */ = {isa = PBXBuildFile; fileRef = ACAA1B2E1A40194400DA3B32 /* LaunchScreen.xib */; };
		ACAA1B3C1A40194400DA3B32 /* AlbumsTests.m in Sources */ = {isa = PBXBuildFile; fileRef = ACAA1B3B1A40194400DA3B32 /* AlbumsTests.m */; };
		ACAA1B461A40198400DA3B32 /* albums.plist in Resources */ = {isa = PBXBuildFile; fileRef = ACAA1B451A40198400DA3B32 /* albums.plist */; };
/* End PBXBuildFile section */

/* Begin PBXContainerItemProxy section */
		ACAA1B361A40194400DA3B32 /* PBXContainerItemProxy */ = {
			isa = PBXContainerItemProxy;
			containerPortal = ACAA1B141A40194200DA3B32 /* Project object */;
			proxyType = 1;
			remoteGlobalIDString = ACAA1B1B1A40194300DA3B32;
			remoteInfo = Albums;
		};
/* End PBXContainerItemProxy section */

/* Begin PBXFileReference section */
		ACAA1B1C1A40194400DA3B32 /* Albums.app */ = {isa = PBXFileReference; explicitFileType = wrapper.application; includeInIndex = 0; path = Albums.app; sourceTree = BUILT_PRODUCTS_DIR; };
		ACAA1B201A40194400DA3B32 /* Info.plist */ = {isa = PBXFileReference; lastKnownFileType = text.plist.xml; path = Info.plist; sourceTree = "<group>"; };
		ACAA1B211A40194400DA3B32 /* main.m */ = {isa = PBXFileReference; lastKnownFileType = sourcecode.c.objc; path = main.m; sourceTree = "<group>"; };
		ACAA1B231A40194400DA3B32 /* AppDelegate.h */ = {isa = PBXFileReference; lastKnownFileType = sourcecode.c.h; path = AppDelegate.h; sourceTree = "<group>"; };
		ACAA1B241A40194400DA3B32 /* AppDelegate.m */ = {isa = PBXFileReference; lastKnownFileType = sourcecode.c.objc; path = AppDelegate.m; sourceTree = "<group>"; };
		ACAA1B261A40194400DA3B32 /* ViewController.h */ = {isa = PBXFileReference; lastKnownFileType = sourcecode.c.h; path = ViewController.h; sourceTree = "<group>"; };
		ACAA1B271A40194400DA3B32 /* ViewController.m */ = {isa = PBXFileReference; lastKnownFileType = sourcecode.c.objc; path = ViewController.m; sourceTree = "<group>"; };
		ACAA1B2A1A40194400DA3B32 /* Base */ = {isa = PBXFileReference; lastKnownFileType = file.storyboard; name = Base; path = Base.lproj/Main.storyboard; sourceTree = "<group>"; };
		ACAA1B2C1A40194400DA3B32 /* Images.xcassets */ = {isa = PBXFileReference; lastKnownFileType = folder.assetcatalog; path = Images.xcassets; sourceTree = "<group>"; };
		ACAA1B2F1A40194400DA3B32 /* Base */ = {isa = PBXFileReference; lastKnownFileType = file.xib; name = Base; path = Base.lproj/LaunchScreen.xib; sourceTree = "<group>"; };
		ACAA1B351A40194400DA3B32 /* AlbumsTests.xctest */ = {isa = PBXFileReference; explicitFileType = wrapper.cfbundle; includeInIndex = 0; path = AlbumsTests.xctest; sourceTree = BUILT_PRODUCTS_DIR; };
		ACAA1B3A1A40194400DA3B32 /* Info.plist */ = {isa = PBXFileReference; lastKnownFileType = text.plist.xml; path = Info.plist; sourceTree = "<group>"; };
		ACAA1B3B1A40194400DA3B32 /* AlbumsTests.m */ = {isa = PBXFileReference; lastKnownFileType = sourcecode.c.objc; path = AlbumsTests.m; sourceTree = "<group>"; };
		ACAA1B451A40198400DA3B32 /* albums.plist */ = {isa = PBXFileReference; fileEncoding = 4; lastKnownFileType = text.plist.xml; path = albums.plist; sourceTree = "<group>"; };
/* End PBXFileReference section */

/* Begin PBXFrameworksBuildPhase section */
		ACAA1B191A40194300DA3B32 /* Frameworks */ = {
			isa = PBXFrameworksBuildPhase;
			buildActionMask = 2147483647;
			files = (
			);
			runOnlyForDeploymentPostprocessing = 0;
		};
		ACAA1B321A40194400DA3B32 /* Frameworks */ = {
			isa = PBXFrameworksBuildPhase;
			buildActionMask = 2147483647;
			files = (
			);
			runOnlyForDeploymentPostprocessing = 0;
		};
/* End PBXFrameworksBuildPhase section */

/* Begin PBXGroup section */
		ACAA1B131A40194200DA3B32 = {
			isa = PBXGroup;
			children = (
				ACAA1B451A40198400DA3B32 /* albums.plist */,
				ACAA1B1E1A40194400DA3B32 /* Albums */,
				ACAA1B381A40194400DA3B32 /* AlbumsTests */,
				ACAA1B1D1A40194400DA3B32 /* Products */,
			);
			sourceTree = "<group>";
		};
		ACAA1B1D1A40194400DA3B32 /* Products */ = {
			isa = PBXGroup;
			children = (
				ACAA1B1C1A40194400DA3B32 /* Albums.app */,
				ACAA1B351A40194400DA3B32 /* AlbumsTests.xctest */,
			);
			name = Products;
			sourceTree = "<group>";
		};
		ACAA1B1E1A40194400DA3B32 /* Albums */ = {
			isa = PBXGroup;
			children = (
				ACAA1B231A40194400DA3B32 /* AppDelegate.h */,
				ACAA1B241A40194400DA3B32 /* AppDelegate.m */,
				ACAA1B261A40194400DA3B32 /* ViewController.h */,
				ACAA1B271A40194400DA3B32 /* ViewController.m */,
				ACAA1B291A40194400DA3B32 /* Main.storyboard */,
				ACAA1B2C1A40194400DA3B32 /* Images.xcassets */,
				ACAA1B2E1A40194400DA3B32 /* LaunchScreen.xib */,
				ACAA1B1F1A40194400DA3B32 /* Supporting Files */,
			);
			path = Albums;
			sourceTree = "<group>";
		};
		ACAA1B1F1A40194400DA3B32 /* Supporting Files */ = {
			isa = PBXGroup;
			children = (
				ACAA1B201A40194400DA3B32 /* Info.plist */,
				ACAA1B211A40194400DA3B32 /* main.m */,
			);
			name = "Supporting Files";
			sourceTree = "<group>";
		};
		ACAA1B381A40194400DA3B32 /* AlbumsTests */ = {
			isa = PBXGroup;
			children = (
				ACAA1B3B1A40194400DA3B32 /* AlbumsTests.m */,
				ACAA1B391A40194400DA3B32 /* Supporting Files */,
			);
			path = AlbumsTests;
			sourceTree = "<group>";
		};
		ACAA1B391A40194400DA3B32 /* Supporting Files */ = {
			isa = PBXGroup;
			children = (
				ACAA1B3A1A40194400DA3B32 /* Info.plist */,
			);
			name = "Supporting Files";
			sourceTree = "<group>";
		};
/* End PBXGroup section */

/* Begin PBXNativeTarget section */
		ACAA1B1B1A40194300DA3B32 /* Albums */ = {
			isa = PBXNativeTarget;
			buildConfigurationList = ACAA1B3F1A40194400DA3B32 /* Build configuration list for PBXNativeTarget "Albums" */;
			buildPhases = (
				ACAA1B181A40194300DA3B32 /* Sources */,
				ACAA1B191A40194300DA3B32 /* Frameworks */,
				ACAA1B1A1A40194300DA3B32 /* Resources */,
			);
			buildRules = (
			);
			dependencies = (
			);
			name = Albums;
			productName = Albums;
			productReference = ACAA1B1C1A40194400DA3B32 /* Albums.app */;
			productType = "com.apple.product-type.application";
		};
		ACAA1B341A40194400DA3B32 /* AlbumsTests */ = {
			isa = PBXNativeTarget;
			buildConfigurationList = ACAA1B421A40194400DA3B32 /* Build configuration list for PBXNativeTarget "AlbumsTests" */;
			buildPhases = (
				ACAA1B311A40194400DA3B32 /* Sources */,
				ACAA1B321A40194400DA3B32 /* Frameworks */,
				ACAA1B331A40194400DA3B32 /* Resources */,
			);
			buildRules = (
			);
			dependencies = (
				ACAA1B371A40194400DA3B32 /* PBXTargetDependency */,
			);
			name = AlbumsTests;
			productName = AlbumsTests;
			productReference = ACAA1B351A40194400DA3B32 /* AlbumsTests.xctest */;
			productType = "com.apple.product-type.bundle.unit-test";
		};
/* End PBXNativeTarget section */

/* Begin PBXProject section */
		ACAA1B141A40194200DA3B32 /* Project object */ = {
			isa = PBXProject;
			attributes = {
				LastUpgradeCheck = 0610;
				ORGANIZATIONNAME = "Użytkownik Gość";
				TargetAttributes = {
					ACAA1B1B1A40194300DA3B32 = {
						CreatedOnToolsVersion = 6.1.1;
					};
					ACAA1B341A40194400DA3B32 = {
						CreatedOnToolsVersion = 6.1.1;
						TestTargetID = ACAA1B1B1A40194300DA3B32;
					};
				};
			};
			buildConfigurationList = ACAA1B171A40194200DA3B32 /* Build configuration list for PBXProject "Albums" */;
			compatibilityVersion = "Xcode 3.2";
			developmentRegion = English;
			hasScannedForEncodings = 0;
			knownRegions = (
				en,
				Base,
			);
			mainGroup = ACAA1B131A40194200DA3B32;
			productRefGroup = ACAA1B1D1A40194400DA3B32 /* Products */;
			projectDirPath = "";
			projectRoot = "";
			targets = (
				ACAA1B1B1A40194300DA3B32 /* Albums */,
				ACAA1B341A40194400DA3B32 /* AlbumsTests */,
			);
		};
/* End PBXProject section */

/* Begin PBXResourcesBuildPhase section */
		ACAA1B1A1A40194300DA3B32 /* Resources */ = {
			isa = PBXResourcesBuildPhase;
			buildActionMask = 2147483647;
			files = (
				ACAA1B2B1A40194400DA3B32 /* Main.storyboard in Resources */,
				ACAA1B301A40194400DA3B32 /* LaunchScreen.xib in Resources */,
				ACAA1B461A40198400DA3B32 /* albums.plist in Resources */,
				ACAA1B2D1A40194400DA3B32 /* Images.xcassets in Resources */,
			);
			runOnlyForDeploymentPostprocessing = 0;
		};
		ACAA1B331A40194400DA3B32 /* Resources */ = {
			isa = PBXResourcesBuildPhase;
			buildActionMask = 2147483647;
			files = (
			);
			runOnlyForDeploymentPostprocessing = 0;
		};
/* End PBXResourcesBuildPhase section */

/* Begin PBXSourcesBuildPhase section */
		ACAA1B181A40194300DA3B32 /* Sources */ = {
			isa = PBXSourcesBuildPhase;
			buildActionMask = 2147483647;
			files = (
				ACAA1B281A40194400DA3B32 /* ViewController.m in Sources */,
				ACAA1B251A40194400DA3B32 /* AppDelegate.m in Sources */,
				ACAA1B221A40194400DA3B32 /* main.m in Sources */,
			);
			runOnlyForDeploymentPostprocessing = 0;
		};
		ACAA1B311A40194400DA3B32 /* Sources */ = {
			isa = PBXSourcesBuildPhase;
			buildActionMask = 2147483647;
			files = (
				ACAA1B3C1A40194400DA3B32 /* AlbumsTests.m in Sources */,
			);
			runOnlyForDeploymentPostprocessing = 0;
		};
/* End PBXSourcesBuildPhase section */

/* Begin PBXTargetDependency section */
		ACAA1B371A40194400DA3B32 /* PBXTargetDependency */ = {
			isa = PBXTargetDependency;
			target = ACAA1B1B1A40194300DA3B32 /* Albums */;
			targetProxy = ACAA1B361A40194400DA3B32 /* PBXContainerItemProxy */;
		};
/* End PBXTargetDependency section */

/* Begin PBXVariantGroup section */
		ACAA1B291A40194400DA3B32 /* Main.storyboard */ = {
			isa = PBXVariantGroup;
			children = (
				ACAA1B2A1A40194400DA3B32 /* Base */,
			);
			name = Main.storyboard;
			sourceTree = "<group>";
		};
		ACAA1B2E1A40194400DA3B32 /* LaunchScreen.xib */ = {
			isa = PBXVariantGroup;
			children = (
				ACAA1B2F1A40194400DA3B32 /* Base */,
			);
			name = LaunchScreen.xib;
			sourceTree = "<group>";
		};
/* End PBXVariantGroup section */

/* Begin XCBuildConfiguration section */
		ACAA1B3D1A40194400DA3B32 /* Debug */ = {
			isa = XCBuildConfiguration;
			buildSettings = {
				ALWAYS_SEARCH_USER_PATHS = NO;
				CLANG_CXX_LANGUAGE_STANDARD = "gnu++0x";
				CLANG_CXX_LIBRARY = "libc++";
				CLANG_ENABLE_MODULES = YES;
				CLANG_ENABLE_OBJC_ARC = YES;
				CLANG_WARN_BOOL_CONVERSION = YES;
				CLANG_WARN_CONSTANT_CONVERSION = YES;
				CLANG_WARN_DIRECT_OBJC_ISA_USAGE = YES_ERROR;
				CLANG_WARN_EMPTY_BODY = YES;
				CLANG_WARN_ENUM_CONVERSION = YES;
				CLANG_WARN_INT_CONVERSION = YES;
				CLANG_WARN_OBJC_ROOT_CLASS = YES_ERROR;
				CLANG_WARN_UNREACHABLE_CODE = YES;
				CLANG_WARN__DUPLICATE_METHOD_MATCH = YES;
				"CODE_SIGN_IDENTITY[sdk=iphoneos*]" = "iPhone Developer";
				COPY_PHASE_STRIP = NO;
				ENABLE_STRICT_OBJC_MSGSEND = YES;
				GCC_C_LANGUAGE_STANDARD = gnu99;
				GCC_DYNAMIC_NO_PIC = NO;
				GCC_OPTIMIZATION_LEVEL = 0;
				GCC_PREPROCESSOR_DEFINITIONS = (
					"DEBUG=1",
					"$(inherited)",
				);
				GCC_SYMBOLS_PRIVATE_EXTERN = NO;
				GCC_WARN_64_TO_32_BIT_CONVERSION = YES;
				GCC_WARN_ABOUT_RETURN_TYPE = YES_ERROR;
				GCC_WARN_UNDECLARED_SELECTOR = YES;
				GCC_WARN_UNINITIALIZED_AUTOS = YES_AGGRESSIVE;
				GCC_WARN_UNUSED_FUNCTION = YES;
				GCC_WARN_UNUSED_VARIABLE = YES;
				IPHONEOS_DEPLOYMENT_TARGET = 8.1;
				MTL_ENABLE_DEBUG_INFO = YES;
				ONLY_ACTIVE_ARCH = YES;
				SDKROOT = iphoneos;
				TARGETED_DEVICE_FAMILY = "1,2";
			};
			name = Debug;
		};
		ACAA1B3E1A40194400DA3B32 /* Release */ = {
			isa = XCBuildConfiguration;
			buildSettings = {
				ALWAYS_SEARCH_USER_PATHS = NO;
				CLANG_CXX_LANGUAGE_STANDARD = "gnu++0x";
				CLANG_CXX_LIBRARY = "libc++";
				CLANG_ENABLE_MODULES = YES;
				CLANG_ENABLE_OBJC_ARC = YES;
				CLANG_WARN_BOOL_CONVERSION = YES;
				CLANG_WARN_CONSTANT_CONVERSION = YES;
				CLANG_WARN_DIRECT_OBJC_ISA_USAGE = YES_ERROR;
				CLANG_WARN_EMPTY_BODY = YES;
				CLANG_WARN_ENUM_CONVERSION = YES;
				CLANG_WARN_INT_CONVERSION = YES;
				CLANG_WARN_OBJC_ROOT_CLASS = YES_ERROR;
				CLANG_WARN_UNREACHABLE_CODE = YES;
				CLANG_WARN__DUPLICATE_METHOD_MATCH = YES;
				"CODE_SIGN_IDENTITY[sdk=iphoneos*]" = "iPhone Developer";
				COPY_PHASE_STRIP = YES;
				ENABLE_NS_ASSERTIONS = NO;
				ENABLE_STRICT_OBJC_MSGSEND = YES;
				GCC_C_LANGUAGE_STANDARD = gnu99;
				GCC_WARN_64_TO_32_BIT_CONVERSION = YES;
				GCC_WARN_ABOUT_RETURN_TYPE = YES_ERROR;
				GCC_WARN_UNDECLARED_SELECTOR = YES;
				GCC_WARN_UNINITIALIZED_AUTOS = YES_AGGRESSIVE;
				GCC_WARN_UNUSED_FUNCTION = YES;
				GCC_WARN_UNUSED_VARIABLE = YES;
				IPHONEOS_DEPLOYMENT_TARGET = 8.1;
				MTL_ENABLE_DEBUG_INFO = NO;
				SDKROOT = iphoneos;
				TARGETED_DEVICE_FAMILY = "1,2";
				VALIDATE_PRODUCT = YES;
			};
			name = Release;
		};
		ACAA1B401A40194400DA3B32 /* Debug */ = {
			isa = XCBuildConfiguration;
			buildSettings = {
				ASSETCATALOG_COMPILER_APPICON_NAME = AppIcon;
				INFOPLIST_FILE = Albums/Info.plist;
				LD_RUNPATH_SEARCH_PATHS = "$(inherited) @executable_path/Frameworks";
				PRODUCT_NAME = "$(TARGET_NAME)";
			};
			name = Debug;
		};
		ACAA1B411A40194400DA3B32 /* Release */ = {
			isa = XCBuildConfiguration;
			buildSettings = {
				ASSETCATALOG_COMPILER_APPICON_NAME = AppIcon;
				INFOPLIST_FILE = Albums/Info.plist;
				LD_RUNPATH_SEARCH_PATHS = "$(inherited) @executable_path/Frameworks";
				PRODUCT_NAME = "$(TARGET_NAME)";
			};
			name = Release;
		};
		ACAA1B431A40194400DA3B32 /* Debug */ = {
			isa = XCBuildConfiguration;
			buildSettings = {
				BUNDLE_LOADER = "$(TEST_HOST)";
				FRAMEWORK_SEARCH_PATHS = (
					"$(SDKROOT)/Developer/Library/Frameworks",
					"$(inherited)",
				);
				GCC_PREPROCESSOR_DEFINITIONS = (
					"DEBUG=1",
					"$(inherited)",
				);
				INFOPLIST_FILE = AlbumsTests/Info.plist;
				LD_RUNPATH_SEARCH_PATHS = "$(inherited) @executable_path/Frameworks @loader_path/Frameworks";
				PRODUCT_NAME = "$(TARGET_NAME)";
				TEST_HOST = "$(BUILT_PRODUCTS_DIR)/Albums.app/Albums";
			};
			name = Debug;
		};
		ACAA1B441A40194400DA3B32 /* Release */ = {
			isa = XCBuildConfiguration;
			buildSettings = {
				BUNDLE_LOADER = "$(TEST_HOST)";
				FRAMEWORK_SEARCH_PATHS = (
					"$(SDKROOT)/Developer/Library/Frameworks",
					"$(inherited)",
				);
				INFOPLIST_FILE = AlbumsTests/Info.plist;
				LD_RUNPATH_SEARCH_PATHS = "$(inherited) @executable_path/Frameworks @loader_path/Frameworks";
				PRODUCT_NAME = "$(TARGET_NAME)";
				TEST_HOST = "$(BUILT_PRODUCTS_DIR)/Albums.app/Albums";
			};
			name = Release;
		};
/* End XCBuildConfiguration section */

/* Begin XCConfigurationList section */
		ACAA1B171A40194200DA3B32 /* Build configuration list for PBXProject "Albums" */ = {
			isa = XCConfigurationList;
			buildConfigurations = (
				ACAA1B3D1A40194400DA3B32 /* Debug */,
				ACAA1B3E1A40194400DA3B32 /* Release */,
			);
			defaultConfigurationIsVisible = 0;
			defaultConfigurationName = Release;
		};
		ACAA1B3F1A40194400DA3B32 /* Build configuration list for PBXNativeTarget "Albums" */ = {
			isa = XCConfigurationList;
			buildConfigurations = (
				ACAA1B401A40194400DA3B32 /* Debug */,
				ACAA1B411A40194400DA3B32 /* Release */,
			);
			defaultConfigurationIsVisible = 0;
		};
		ACAA1B421A40194400DA3B32 /* Build configuration list for PBXNativeTarget "AlbumsTests" */ = {
			isa = XCConfigurationList;
			buildConfigurations = (
				ACAA1B431A40194400DA3B32 /* Debug */,
				ACAA1B441A40194400DA3B32 /* Release */,
			);
			defaultConfigurationIsVisible = 0;
		};
/* End XCConfigurationList section */
	};
	rootObject = ACAA1B141A40194200DA3B32 /* Project object */;
}
